
Microsoft Visual Studio Solution File, Format Version 12.00
# Visual Studio 15
VisualStudioVersion = 15.0.27130.2036
MinimumVisualStudioVersion = 10.0.40219.1
Project("{FAE04EC0-301F-11D3-BF4B-00C04F79EFBC}") = "bar", "bar\bar.csproj", "{33BADDAE-3C93-4B5C-9B2A-0DE2F96F28DE}"
EndProject
Global
	GlobalSection(SolutionConfigurationPlatforms) = preSolution
		Debug|Any CPU = Debug|Any CPU
		Release|Any CPU = Release|Any CPU
	EndGlobalSection
	GlobalSection(ProjectConfigurationPlatforms) = postSolution
		{33BADDAE-3C93-4B5C-9B2A-0DE2F96F28DE}.Debug|Any CPU.ActiveCfg = Debug|Any CPU
		{33BADDAE-3C93-4B5C-9B2A-0DE2F96F28DE}.Debug|Any CPU.Build.0 = Debug|Any CPU
		{33BADDAE-3C93-4B5C-9B2A-0DE2F96F28DE}.Release|Any CPU.ActiveCfg = Release|Any CPU
		{33BADDAE-3C93-4B5C-9B2A-0DE2F96F28DE}.Release|Any CPU.Build.0 = Release|Any CPU
	EndGlobalSection
	GlobalSection(SolutionProperties) = preSolution
		HideSolutionNode = FALSE
	EndGlobalSection
	GlobalSection(ExtensibilityGlobals) = postSolution
		SolutionGuid = {7B21FAC2-4C50-47E6-9793-02E50F4E15E8}
	EndGlobalSection
EndGlobal
